
Microsoft Visual Studio Solution File, Format Version 12.00
# Visual Studio 15
VisualStudioVersion = 15.0.28010.2019
MinimumVisualStudioVersion = 10.0.40219.1
Project("{9A19103F-16F7-4668-BE54-9A1E7A4F7556}") = "Red.CookieSessions", "Red.CookieSessions.csproj", "{EC0F9463-6FDF-4FE2-B903-ED3A0B089EAD}"
EndProject
Global
	GlobalSection(SolutionConfigurationPlatforms) = preSolution
		Debug|Any CPU = Debug|Any CPU
		Release|Any CPU = Release|Any CPU
	EndGlobalSection
	GlobalSection(ProjectConfigurationPlatforms) = postSolution
		{EC0F9463-6FDF-4FE2-B903-ED3A0B089EAD}.Debug|Any CPU.ActiveCfg = Debug|Any CPU
		{EC0F9463-6FDF-4FE2-B903-ED3A0B089EAD}.Debug|Any CPU.Build.0 = Debug|Any CPU
		{EC0F9463-6FDF-4FE2-B903-ED3A0B089EAD}.Release|Any CPU.ActiveCfg = Release|Any CPU
		{EC0F9463-6FDF-4FE2-B903-ED3A0B089EAD}.Release|Any CPU.Build.0 = Release|Any CPU
	EndGlobalSection
	GlobalSection(SolutionProperties) = preSolution
		HideSolutionNode = FALSE
	EndGlobalSection
	GlobalSection(ExtensibilityGlobals) = postSolution
		SolutionGuid = {D0D0652A-2C03-4B90-A77E-18231C07AA76}
	EndGlobalSection
EndGlobal
